
Microsoft Visual Studio Solution File, Format Version 12.00
# Visual Studio Version 17
VisualStudioVersion = 17.0.31903.59
MinimumVisualStudioVersion = 10.0.40219.1
Project("{2150E333-8FDC-42A3-9474-1A3956D46DE8}") = "Console", "Console", "{09D8FB36-4898-7C8E-B3F7-02AC6C3AAC25}"
EndProject
Project("{FAE04EC0-301F-11D3-BF4B-00C04F79EFBC}") = "ServMon", "Console\ServMon\ServMon.csproj", "{E7107F43-471F-4DE8-8E6C-C871F5E1F5DE}"
EndProject
Project("{2150E333-8FDC-42A3-9474-1A3956D46DE8}") = "Shared", "Shared", "{4F52FD11-658E-A102-6CD3-7D7C16FFA15B}"
EndProject
Project("{FAE04EC0-301F-11D3-BF4B-00C04F79EFBC}") = "WCMS.Common", "Shared\WCMS.Common\WCMS.Common.csproj", "{D5A47D8D-0F09-48D8-A298-1A24EE2F1E61}"
EndProject
Project("{2150E333-8FDC-42A3-9474-1A3956D46DE8}") = "WebApp", "WebApp", "{7E50A06F-A38B-7BE7-1137-409223B8AEF0}"
EndProject
Project("{FAE04EC0-301F-11D3-BF4B-00C04F79EFBC}") = "ServMonWeb", "WebApp\ServMonWeb.csproj", "{781D34E3-DD87-478D-8C64-A6A055BEB8BD}"
EndProject
Project("{FAE04EC0-301F-11D3-BF4B-00C04F79EFBC}") = "WCMS.Common.Tests", "Shared\WCMS.Common.Tests\WCMS.Common.Tests.csproj", "{2216B4F1-89BC-4F4C-A2AA-8C3439BE24F0}"
EndProject
Project("{2150E333-8FDC-42A3-9474-1A3956D46DE8}") = "tests", "tests", "{0AB3BF05-4346-4AA6-1389-037BE0695223}"
EndProject
Project("{FAE04EC0-301F-11D3-BF4B-00C04F79EFBC}") = "ServMonWeb.Tests", "tests\ServMonWeb.Tests\ServMonWeb.Tests.csproj", "{E7FE4F5B-30F4-4C07-8A88-FC77CA7AD00F}"
EndProject
Global
	GlobalSection(SolutionConfigurationPlatforms) = preSolution
		Debug|Any CPU = Debug|Any CPU
		Debug|x64 = Debug|x64
		Debug|x86 = Debug|x86
		Release|Any CPU = Release|Any CPU
		Release|x64 = Release|x64
		Release|x86 = Release|x86
	EndGlobalSection
	GlobalSection(ProjectConfigurationPlatforms) = postSolution
		{E7107F43-471F-4DE8-8E6C-C871F5E1F5DE}.Debug|Any CPU.ActiveCfg = Debug|Any CPU
		{E7107F43-471F-4DE8-8E6C-C871F5E1F5DE}.Debug|Any CPU.Build.0 = Debug|Any CPU
		{E7107F43-471F-4DE8-8E6C-C871F5E1F5DE}.Debug|x64.ActiveCfg = Debug|Any CPU
		{E7107F43-471F-4DE8-8E6C-C871F5E1F5DE}.Debug|x64.Build.0 = Debug|Any CPU
		{E7107F43-471F-4DE8-8E6C-C871F5E1F5DE}.Debug|x86.ActiveCfg = Debug|Any CPU
		{E7107F43-471F-4DE8-8E6C-C871F5E1F5DE}.Debug|x86.Build.0 = Debug|Any CPU
		{E7107F43-471F-4DE8-8E6C-C871F5E1F5DE}.Release|Any CPU.ActiveCfg = Release|Any CPU
		{E7107F43-471F-4DE8-8E6C-C871F5E1F5DE}.Release|Any CPU.Build.0 = Release|Any CPU
		{E7107F43-471F-4DE8-8E6C-C871F5E1F5DE}.Release|x64.ActiveCfg = Release|Any CPU
		{E7107F43-471F-4DE8-8E6C-C871F5E1F5DE}.Release|x64.Build.0 = Release|Any CPU
		{E7107F43-471F-4DE8-8E6C-C871F5E1F5DE}.Release|x86.ActiveCfg = Release|Any CPU
		{E7107F43-471F-4DE8-8E6C-C871F5E1F5DE}.Release|x86.Build.0 = Release|Any CPU
		{D5A47D8D-0F09-48D8-A298-1A24EE2F1E61}.Debug|Any CPU.ActiveCfg = Debug|Any CPU
		{D5A47D8D-0F09-48D8-A298-1A24EE2F1E61}.Debug|Any CPU.Build.0 = Debug|Any CPU
		{D5A47D8D-0F09-48D8-A298-1A24EE2F1E61}.Debug|x64.ActiveCfg = Debug|Any CPU
		{D5A47D8D-0F09-48D8-A298-1A24EE2F1E61}.Debug|x64.Build.0 = Debug|Any CPU
		{D5A47D8D-0F09-48D8-A298-1A24EE2F1E61}.Debug|x86.ActiveCfg = Debug|Any CPU
		{D5A47D8D-0F09-48D8-A298-1A24EE2F1E61}.Debug|x86.Build.0 = Debug|Any CPU
		{D5A47D8D-0F09-48D8-A298-1A24EE2F1E61}.Release|Any CPU.ActiveCfg = Release|Any CPU
		{D5A47D8D-0F09-48D8-A298-1A24EE2F1E61}.Release|Any CPU.Build.0 = Release|Any CPU
		{D5A47D8D-0F09-48D8-A298-1A24EE2F1E61}.Release|x64.ActiveCfg = Release|Any CPU
		{D5A47D8D-0F09-48D8-A298-1A24EE2F1E61}.Release|x64.Build.0 = Release|Any CPU
		{D5A47D8D-0F09-48D8-A298-1A24EE2F1E61}.Release|x86.ActiveCfg = Release|Any CPU
		{D5A47D8D-0F09-48D8-A298-1A24EE2F1E61}.Release|x86.Build.0 = Release|Any CPU
		{781D34E3-DD87-478D-8C64-A6A055BEB8BD}.Debug|Any CPU.ActiveCfg = Debug|Any CPU
		{781D34E3-DD87-478D-8C64-A6A055BEB8BD}.Debug|Any CPU.Build.0 = Debug|Any CPU
		{781D34E3-DD87-478D-8C64-A6A055BEB8BD}.Debug|x64.ActiveCfg = Debug|Any CPU
		{781D34E3-DD87-478D-8C64-A6A055BEB8BD}.Debug|x64.Build.0 = Debug|Any CPU
		{781D34E3-DD87-478D-8C64-A6A055BEB8BD}.Debug|x86.ActiveCfg = Debug|Any CPU
		{781D34E3-DD87-478D-8C64-A6A055BEB8BD}.Debug|x86.Build.0 = Debug|Any CPU
		{781D34E3-DD87-478D-8C64-A6A055BEB8BD}.Release|Any CPU.ActiveCfg = Release|Any CPU
		{781D34E3-DD87-478D-8C64-A6A055BEB8BD}.Release|Any CPU.Build.0 = Release|Any CPU
		{781D34E3-DD87-478D-8C64-A6A055BEB8BD}.Release|x64.ActiveCfg = Release|Any CPU
		{781D34E3-DD87-478D-8C64-A6A055BEB8BD}.Release|x64.Build.0 = Release|Any CPU
		{781D34E3-DD87-478D-8C64-A6A055BEB8BD}.Release|x86.ActiveCfg = Release|Any CPU
		{781D34E3-DD87-478D-8C64-A6A055BEB8BD}.Release|x86.Build.0 = Release|Any CPU
		{2216B4F1-89BC-4F4C-A2AA-8C3439BE24F0}.Debug|Any CPU.ActiveCfg = Debug|Any CPU
		{2216B4F1-89BC-4F4C-A2AA-8C3439BE24F0}.Debug|Any CPU.Build.0 = Debug|Any CPU
		{2216B4F1-89BC-4F4C-A2AA-8C3439BE24F0}.Debug|x64.ActiveCfg = Debug|Any CPU
		{2216B4F1-89BC-4F4C-A2AA-8C3439BE24F0}.Debug|x64.Build.0 = Debug|Any CPU
		{2216B4F1-89BC-4F4C-A2AA-8C3439BE24F0}.Debug|x86.ActiveCfg = Debug|Any CPU
		{2216B4F1-89BC-4F4C-A2AA-8C3439BE24F0}.Debug|x86.Build.0 = Debug|Any CPU
		{2216B4F1-89BC-4F4C-A2AA-8C3439BE24F0}.Release|Any CPU.ActiveCfg = Release|Any CPU
		{2216B4F1-89BC-4F4C-A2AA-8C3439BE24F0}.Release|Any CPU.Build.0 = Release|Any CPU
		{2216B4F1-89BC-4F4C-A2AA-8C3439BE24F0}.Release|x64.ActiveCfg = Release|Any CPU
		{2216B4F1-89BC-4F4C-A2AA-8C3439BE24F0}.Release|x64.Build.0 = Release|Any CPU
		{2216B4F1-89BC-4F4C-A2AA-8C3439BE24F0}.Release|x86.ActiveCfg = Release|Any CPU
		{2216B4F1-89BC-4F4C-A2AA-8C3439BE24F0}.Release|x86.Build.0 = Release|Any CPU
		{E7FE4F5B-30F4-4C07-8A88-FC77CA7AD00F}.Debug|Any CPU.ActiveCfg = Debug|Any CPU
		{E7FE4F5B-30F4-4C07-8A88-FC77CA7AD00F}.Debug|Any CPU.Build.0 = Debug|Any CPU
		{E7FE4F5B-30F4-4C07-8A88-FC77CA7AD00F}.Debug|x64.ActiveCfg = Debug|Any CPU
		{E7FE4F5B-30F4-4C07-8A88-FC77CA7AD00F}.Debug|x64.Build.0 = Debug|Any CPU
		{E7FE4F5B-30F4-4C07-8A88-FC77CA7AD00F}.Debug|x86.ActiveCfg = Debug|Any CPU
		{E7FE4F5B-30F4-4C07-8A88-FC77CA7AD00F}.Debug|x86.Build.0 = Debug|Any CPU
		{E7FE4F5B-30F4-4C07-8A88-FC77CA7AD00F}.Release|Any CPU.ActiveCfg = Release|Any CPU
		{E7FE4F5B-30F4-4C07-8A88-FC77CA7AD00F}.Release|Any CPU.Build.0 = Release|Any CPU
		{E7FE4F5B-30F4-4C07-8A88-FC77CA7AD00F}.Release|x64.ActiveCfg = Release|Any CPU
		{E7FE4F5B-30F4-4C07-8A88-FC77CA7AD00F}.Release|x64.Build.0 = Release|Any CPU
		{E7FE4F5B-30F4-4C07-8A88-FC77CA7AD00F}.Release|x86.ActiveCfg = Release|Any CPU
		{E7FE4F5B-30F4-4C07-8A88-FC77CA7AD00F}.Release|x86.Build.0 = Release|Any CPU
	EndGlobalSection
	GlobalSection(SolutionProperties) = preSolution
		HideSolutionNode = FALSE
	EndGlobalSection
	GlobalSection(NestedProjects) = preSolution
		{E7107F43-471F-4DE8-8E6C-C871F5E1F5DE} = {09D8FB36-4898-7C8E-B3F7-02AC6C3AAC25}
		{D5A47D8D-0F09-48D8-A298-1A24EE2F1E61} = {4F52FD11-658E-A102-6CD3-7D7C16FFA15B}
		{781D34E3-DD87-478D-8C64-A6A055BEB8BD} = {7E50A06F-A38B-7BE7-1137-409223B8AEF0}
		{2216B4F1-89BC-4F4C-A2AA-8C3439BE24F0} = {4F52FD11-658E-A102-6CD3-7D7C16FFA15B}
		{E7FE4F5B-30F4-4C07-8A88-FC77CA7AD00F} = {0AB3BF05-4346-4AA6-1389-037BE0695223}
	EndGlobalSection
EndGlobal
